// !$*UTF8*$!
{
	archiveVersion = 1;
	classes = {
	};
	objectVersion = 56;
	objects = {

/* Begin PBXBuildFile section */
		C38D21352A52F7F200692610 /* MovieCell.swift in Sources */ = {isa = PBXBuildFile; fileRef = C38D21342A52F7F200692610 /* MovieCell.swift */; };
		C38D21372A52F8A200692610 /* UIExtension.swift in Sources */ = {isa = PBXBuildFile; fileRef = C38D21362A52F8A200692610 /* UIExtension.swift */; };
		C3921F972A54B5520063B025 /* DetailPresenter.swift in Sources */ = {isa = PBXBuildFile; fileRef = C3921F912A54B5520063B025 /* DetailPresenter.swift */; };
		C3921F982A54B5520063B025 /* DetailRouter.swift in Sources */ = {isa = PBXBuildFile; fileRef = C3921F922A54B5520063B025 /* DetailRouter.swift */; };
		C3921F992A54B5520063B025 /* DetailViewController.swift in Sources */ = {isa = PBXBuildFile; fileRef = C3921F932A54B5520063B025 /* DetailViewController.swift */; };
		C3921F9A2A54B5520063B025 /* DetailProtocols.swift in Sources */ = {isa = PBXBuildFile; fileRef = C3921F942A54B5520063B025 /* DetailProtocols.swift */; };
		C3921F9B2A54B5520063B025 /* DetailInteractor.swift in Sources */ = {isa = PBXBuildFile; fileRef = C3921F952A54B5520063B025 /* DetailInteractor.swift */; };
		C3921F9C2A54B5520063B025 /* DetailViewController.xib in Resources */ = {isa = PBXBuildFile; fileRef = C3921F962A54B5520063B025 /* DetailViewController.xib */; };
		C39B5CFC2A528FCE00D55D2C /* AppDelegate.swift in Sources */ = {isa = PBXBuildFile; fileRef = C39B5CFB2A528FCE00D55D2C /* AppDelegate.swift */; };
		C39B5D052A528FD100D55D2C /* Assets.xcassets in Resources */ = {isa = PBXBuildFile; fileRef = C39B5D042A528FD100D55D2C /* Assets.xcassets */; };
		C39B5D162A52912C00D55D2C /* HomePresenter.swift in Sources */ = {isa = PBXBuildFile; fileRef = C39B5D102A52912C00D55D2C /* HomePresenter.swift */; };
		C39B5D172A52912C00D55D2C /* HomeRouter.swift in Sources */ = {isa = PBXBuildFile; fileRef = C39B5D112A52912C00D55D2C /* HomeRouter.swift */; };
		C39B5D182A52912C00D55D2C /* HomeViewController.swift in Sources */ = {isa = PBXBuildFile; fileRef = C39B5D122A52912C00D55D2C /* HomeViewController.swift */; };
		C39B5D192A52912C00D55D2C /* HomeProtocols.swift in Sources */ = {isa = PBXBuildFile; fileRef = C39B5D132A52912C00D55D2C /* HomeProtocols.swift */; };
		C39B5D1A2A52912C00D55D2C /* HomeInteractor.swift in Sources */ = {isa = PBXBuildFile; fileRef = C39B5D142A52912C00D55D2C /* HomeInteractor.swift */; };
		C39B5D1D2A5291CE00D55D2C /* Entity.swift in Sources */ = {isa = PBXBuildFile; fileRef = C39B5D1C2A5291CE00D55D2C /* Entity.swift */; };
		C39B5D1F2A5292B500D55D2C /* Constants.swift in Sources */ = {isa = PBXBuildFile; fileRef = C39B5D1E2A5292B500D55D2C /* Constants.swift */; };
		ECE956E482C64C70EED1D1B2 /* Pods_PRACTICA_CACTUS911.framework in Frameworks */ = {isa = PBXBuildFile; fileRef = 2B74821C9285F0644B8B2A18 /* Pods_PRACTICA_CACTUS911.framework */; };
/* End PBXBuildFile section */

/* Begin PBXFileReference section */
		2B74821C9285F0644B8B2A18 /* Pods_PRACTICA_CACTUS911.framework */ = {isa = PBXFileReference; explicitFileType = wrapper.framework; includeInIndex = 0; path = Pods_PRACTICA_CACTUS911.framework; sourceTree = BUILT_PRODUCTS_DIR; };
		8CAAB27D69BC4A4ABD27B399 /* Pods-PRACTICA_CACTUS911.debug.xcconfig */ = {isa = PBXFileReference; includeInIndex = 1; lastKnownFileType = text.xcconfig; name = "Pods-PRACTICA_CACTUS911.debug.xcconfig"; path = "Target Support Files/Pods-PRACTICA_CACTUS911/Pods-PRACTICA_CACTUS911.debug.xcconfig"; sourceTree = "<group>"; };
		C38D21342A52F7F200692610 /* MovieCell.swift */ = {isa = PBXFileReference; fileEncoding = 4; lastKnownFileType = sourcecode.swift; path = MovieCell.swift; sourceTree = "<group>"; };
		C38D21362A52F8A200692610 /* UIExtension.swift */ = {isa = PBXFileReference; fileEncoding = 4; lastKnownFileType = sourcecode.swift; path = UIExtension.swift; sourceTree = "<group>"; };
		C3921F912A54B5520063B025 /* DetailPresenter.swift */ = {isa = PBXFileReference; lastKnownFileType = sourcecode.swift; path = DetailPresenter.swift; sourceTree = "<group>"; };
		C3921F922A54B5520063B025 /* DetailRouter.swift */ = {isa = PBXFileReference; lastKnownFileType = sourcecode.swift; path = DetailRouter.swift; sourceTree = "<group>"; };
		C3921F932A54B5520063B025 /* DetailViewController.swift */ = {isa = PBXFileReference; lastKnownFileType = sourcecode.swift; path = DetailViewController.swift; sourceTree = "<group>"; };
		C3921F942A54B5520063B025 /* DetailProtocols.swift */ = {isa = PBXFileReference; lastKnownFileType = sourcecode.swift; path = DetailProtocols.swift; sourceTree = "<group>"; };
		C3921F952A54B5520063B025 /* DetailInteractor.swift */ = {isa = PBXFileReference; lastKnownFileType = sourcecode.swift; path = DetailInteractor.swift; sourceTree = "<group>"; };
		C3921F962A54B5520063B025 /* DetailViewController.xib */ = {isa = PBXFileReference; lastKnownFileType = file.xib; path = DetailViewController.xib; sourceTree = "<group>"; };
		C39B5CF82A528FCE00D55D2C /* PRACTICA_CACTUS911.app */ = {isa = PBXFileReference; explicitFileType = wrapper.application; includeInIndex = 0; path = PRACTICA_CACTUS911.app; sourceTree = BUILT_PRODUCTS_DIR; };
		C39B5CFB2A528FCE00D55D2C /* AppDelegate.swift */ = {isa = PBXFileReference; lastKnownFileType = sourcecode.swift; path = AppDelegate.swift; sourceTree = "<group>"; };
		C39B5D042A528FD100D55D2C /* Assets.xcassets */ = {isa = PBXFileReference; lastKnownFileType = folder.assetcatalog; path = Assets.xcassets; sourceTree = "<group>"; };
		C39B5D092A528FD100D55D2C /* Info.plist */ = {isa = PBXFileReference; lastKnownFileType = text.plist.xml; path = Info.plist; sourceTree = "<group>"; };
		C39B5D102A52912C00D55D2C /* HomePresenter.swift */ = {isa = PBXFileReference; lastKnownFileType = sourcecode.swift; path = HomePresenter.swift; sourceTree = "<group>"; };
		C39B5D112A52912C00D55D2C /* HomeRouter.swift */ = {isa = PBXFileReference; lastKnownFileType = sourcecode.swift; path = HomeRouter.swift; sourceTree = "<group>"; };
		C39B5D122A52912C00D55D2C /* HomeViewController.swift */ = {isa = PBXFileReference; lastKnownFileType = sourcecode.swift; path = HomeViewController.swift; sourceTree = "<group>"; };
		C39B5D132A52912C00D55D2C /* HomeProtocols.swift */ = {isa = PBXFileReference; lastKnownFileType = sourcecode.swift; path = HomeProtocols.swift; sourceTree = "<group>"; };
		C39B5D142A52912C00D55D2C /* HomeInteractor.swift */ = {isa = PBXFileReference; lastKnownFileType = sourcecode.swift; path = HomeInteractor.swift; sourceTree = "<group>"; };
		C39B5D1C2A5291CE00D55D2C /* Entity.swift */ = {isa = PBXFileReference; lastKnownFileType = sourcecode.swift; path = Entity.swift; sourceTree = "<group>"; };
		C39B5D1E2A5292B500D55D2C /* Constants.swift */ = {isa = PBXFileReference; fileEncoding = 4; lastKnownFileType = sourcecode.swift; path = Constants.swift; sourceTree = "<group>"; };
		E2750D9822A015907071522E /* Pods-PRACTICA_CACTUS911.release.xcconfig */ = {isa = PBXFileReference; includeInIndex = 1; lastKnownFileType = text.xcconfig; name = "Pods-PRACTICA_CACTUS911.release.xcconfig"; path = "Target Support Files/Pods-PRACTICA_CACTUS911/Pods-PRACTICA_CACTUS911.release.xcconfig"; sourceTree = "<group>"; };
/* End PBXFileReference section */

/* Begin PBXFrameworksBuildPhase section */
		C39B5CF52A528FCE00D55D2C /* Frameworks */ = {
			isa = PBXFrameworksBuildPhase;
			buildActionMask = 2147483647;
			files = (
				ECE956E482C64C70EED1D1B2 /* Pods_PRACTICA_CACTUS911.framework in Frameworks */,
			);
			runOnlyForDeploymentPostprocessing = 0;
		};
/* End PBXFrameworksBuildPhase section */

/* Begin PBXGroup section */
		7B08112C0CB5FF851C8F4731 /* Frameworks */ = {
			isa = PBXGroup;
			children = (
				2B74821C9285F0644B8B2A18 /* Pods_PRACTICA_CACTUS911.framework */,
			);
			name = Frameworks;
			sourceTree = "<group>";
		};
		C38D21332A52F7E700692610 /* Cell */ = {
			isa = PBXGroup;
			children = (
				C38D21342A52F7F200692610 /* MovieCell.swift */,
			);
			path = Cell;
			sourceTree = "<group>";
		};
		C3921F902A54B5370063B025 /* Detail */ = {
			isa = PBXGroup;
			children = (
				C3921F912A54B5520063B025 /* DetailPresenter.swift */,
				C3921F922A54B5520063B025 /* DetailRouter.swift */,
				C3921F932A54B5520063B025 /* DetailViewController.swift */,
				C3921F942A54B5520063B025 /* DetailProtocols.swift */,
				C3921F952A54B5520063B025 /* DetailInteractor.swift */,
				C3921F962A54B5520063B025 /* DetailViewController.xib */,
			);
			path = Detail;
			sourceTree = "<group>";
		};
		C39B5CEF2A528FCE00D55D2C = {
			isa = PBXGroup;
			children = (
				C39B5CFA2A528FCE00D55D2C /* PRACTICA_CACTUS911 */,
				C39B5CF92A528FCE00D55D2C /* Products */,
				DA46C6430867A7F705FC54EF /* Pods */,
				7B08112C0CB5FF851C8F4731 /* Frameworks */,
			);
			sourceTree = "<group>";
		};
		C39B5CF92A528FCE00D55D2C /* Products */ = {
			isa = PBXGroup;
			children = (
				C39B5CF82A528FCE00D55D2C /* PRACTICA_CACTUS911.app */,
			);
			name = Products;
			sourceTree = "<group>";
		};
		C39B5CFA2A528FCE00D55D2C /* PRACTICA_CACTUS911 */ = {
			isa = PBXGroup;
			children = (
				C3921F902A54B5370063B025 /* Detail */,
				C39B5CFB2A528FCE00D55D2C /* AppDelegate.swift */,
				C39B5D0F2A52911400D55D2C /* Home */,
				C39B5D042A528FD100D55D2C /* Assets.xcassets */,
				C38D21362A52F8A200692610 /* UIExtension.swift */,
				C39B5D1E2A5292B500D55D2C /* Constants.swift */,
				C39B5D092A528FD100D55D2C /* Info.plist */,
			);
			path = PRACTICA_CACTUS911;
			sourceTree = "<group>";
		};
		C39B5D0F2A52911400D55D2C /* Home */ = {
			isa = PBXGroup;
			children = (
				C38D21332A52F7E700692610 /* Cell */,
				C39B5D102A52912C00D55D2C /* HomePresenter.swift */,
				C39B5D112A52912C00D55D2C /* HomeRouter.swift */,
				C39B5D122A52912C00D55D2C /* HomeViewController.swift */,
				C39B5D132A52912C00D55D2C /* HomeProtocols.swift */,
				C39B5D142A52912C00D55D2C /* HomeInteractor.swift */,
				C39B5D1C2A5291CE00D55D2C /* Entity.swift */,
			);
			path = Home;
			sourceTree = "<group>";
		};
		DA46C6430867A7F705FC54EF /* Pods */ = {
			isa = PBXGroup;
			children = (
				8CAAB27D69BC4A4ABD27B399 /* Pods-PRACTICA_CACTUS911.debug.xcconfig */,
				E2750D9822A015907071522E /* Pods-PRACTICA_CACTUS911.release.xcconfig */,
			);
			path = Pods;
			sourceTree = "<group>";
		};
/* End PBXGroup section */

/* Begin PBXNativeTarget section */
		C39B5CF72A528FCE00D55D2C /* PRACTICA_CACTUS911 */ = {
			isa = PBXNativeTarget;
			buildConfigurationList = C39B5D0C2A528FD100D55D2C /* Build configuration list for PBXNativeTarget "PRACTICA_CACTUS911" */;
			buildPhases = (
				F2564FFD2B4111201F514A5E /* [CP] Check Pods Manifest.lock */,
				C39B5CF42A528FCE00D55D2C /* Sources */,
				C39B5CF52A528FCE00D55D2C /* Frameworks */,
				C39B5CF62A528FCE00D55D2C /* Resources */,
				4D478A7804DB92E889FA7F9E /* [CP] Embed Pods Frameworks */,
			);
			buildRules = (
			);
			dependencies = (
			);
			name = PRACTICA_CACTUS911;
			productName = PRACTICA_CACTUS911;
			productReference = C39B5CF82A528FCE00D55D2C /* PRACTICA_CACTUS911.app */;
			productType = "com.apple.product-type.application";
		};
/* End PBXNativeTarget section */

/* Begin PBXProject section */
		C39B5CF02A528FCE00D55D2C /* Project object */ = {
			isa = PBXProject;
			attributes = {
				BuildIndependentTargetsInParallel = 1;
				LastSwiftUpdateCheck = 1420;
				LastUpgradeCheck = 1420;
				TargetAttributes = {
					C39B5CF72A528FCE00D55D2C = {
						CreatedOnToolsVersion = 14.2;
					};
				};
			};
			buildConfigurationList = C39B5CF32A528FCE00D55D2C /* Build configuration list for PBXProject "PRACTICA_CACTUS911" */;
			compatibilityVersion = "Xcode 14.0";
			developmentRegion = en;
			hasScannedForEncodings = 0;
			knownRegions = (
				en,
				Base,
			);
			mainGroup = C39B5CEF2A528FCE00D55D2C;
			productRefGroup = C39B5CF92A528FCE00D55D2C /* Products */;
			projectDirPath = "";
			projectRoot = "";
			targets = (
				C39B5CF72A528FCE00D55D2C /* PRACTICA_CACTUS911 */,
			);
		};
/* End PBXProject section */

/* Begin PBXResourcesBuildPhase section */
		C39B5CF62A528FCE00D55D2C /* Resources */ = {
			isa = PBXResourcesBuildPhase;
			buildActionMask = 2147483647;
			files = (
				C39B5D052A528FD100D55D2C /* Assets.xcassets in Resources */,
				C3921F9C2A54B5520063B025 /* DetailViewController.xib in Resources */,
			);
			runOnlyForDeploymentPostprocessing = 0;
		};
/* End PBXResourcesBuildPhase section */

/* Begin PBXShellScriptBuildPhase section */
		4D478A7804DB92E889FA7F9E /* [CP] Embed Pods Frameworks */ = {
			isa = PBXShellScriptBuildPhase;
			buildActionMask = 2147483647;
			files = (
			);
			inputFileListPaths = (
				"${PODS_ROOT}/Target Support Files/Pods-PRACTICA_CACTUS911/Pods-PRACTICA_CACTUS911-frameworks-${CONFIGURATION}-input-files.xcfilelist",
			);
			name = "[CP] Embed Pods Frameworks";
			outputFileListPaths = (
				"${PODS_ROOT}/Target Support Files/Pods-PRACTICA_CACTUS911/Pods-PRACTICA_CACTUS911-frameworks-${CONFIGURATION}-output-files.xcfilelist",
			);
			runOnlyForDeploymentPostprocessing = 0;
			shellPath = /bin/sh;
			shellScript = "\"${PODS_ROOT}/Target Support Files/Pods-PRACTICA_CACTUS911/Pods-PRACTICA_CACTUS911-frameworks.sh\"\n";
			showEnvVarsInLog = 0;
		};
		F2564FFD2B4111201F514A5E /* [CP] Check Pods Manifest.lock */ = {
			isa = PBXShellScriptBuildPhase;
			buildActionMask = 2147483647;
			files = (
			);
			inputFileListPaths = (
			);
			inputPaths = (
				"${PODS_PODFILE_DIR_PATH}/Podfile.lock",
				"${PODS_ROOT}/Manifest.lock",
			);
			name = "[CP] Check Pods Manifest.lock";
			outputFileListPaths = (
			);
			outputPaths = (
				"$(DERIVED_FILE_DIR)/Pods-PRACTICA_CACTUS911-checkManifestLockResult.txt",
			);
			runOnlyForDeploymentPostprocessing = 0;
			shellPath = /bin/sh;
			shellScript = "diff \"${PODS_PODFILE_DIR_PATH}/Podfile.lock\" \"${PODS_ROOT}/Manifest.lock\" > /dev/null\nif [ $? != 0 ] ; then\n    # print error to STDERR\n    echo \"error: The sandbox is not in sync with the Podfile.lock. Run 'pod install' or update your CocoaPods installation.\" >&2\n    exit 1\nfi\n# This output is used by Xcode 'outputs' to avoid re-running this script phase.\necho \"SUCCESS\" > \"${SCRIPT_OUTPUT_FILE_0}\"\n";
			showEnvVarsInLog = 0;
		};
/* End PBXShellScriptBuildPhase section */

/* Begin PBXSourcesBuildPhase section */
		C39B5CF42A528FCE00D55D2C /* Sources */ = {
			isa = PBXSourcesBuildPhase;
			buildActionMask = 2147483647;
			files = (
				C39B5CFC2A528FCE00D55D2C /* AppDelegate.swift in Sources */,
				C39B5D192A52912C00D55D2C /* HomeProtocols.swift in Sources */,
				C38D21352A52F7F200692610 /* MovieCell.swift in Sources */,
				C3921F982A54B5520063B025 /* DetailRouter.swift in Sources */,
				C38D21372A52F8A200692610 /* UIExtension.swift in Sources */,
				C39B5D1D2A5291CE00D55D2C /* Entity.swift in Sources */,
				C39B5D172A52912C00D55D2C /* HomeRouter.swift in Sources */,
				C39B5D1A2A52912C00D55D2C /* HomeInteractor.swift in Sources */,
				C39B5D162A52912C00D55D2C /* HomePresenter.swift in Sources */,
				C39B5D182A52912C00D55D2C /* HomeViewController.swift in Sources */,
				C39B5D1F2A5292B500D55D2C /* Constants.swift in Sources */,
				C3921F972A54B5520063B025 /* DetailPresenter.swift in Sources */,
				C3921F9A2A54B5520063B025 /* DetailProtocols.swift in Sources */,
				C3921F992A54B5520063B025 /* DetailViewController.swift in Sources */,
				C3921F9B2A54B5520063B025 /* DetailInteractor.swift in Sources */,
			);
			runOnlyForDeploymentPostprocessing = 0;
		};
/* End PBXSourcesBuildPhase section */

/* Begin XCBuildConfiguration section */
		C39B5D0A2A528FD100D55D2C /* Debug */ = {
			isa = XCBuildConfiguration;
			buildSettings = {
				ALWAYS_SEARCH_USER_PATHS = NO;
				CLANG_ANALYZER_NONNULL = YES;
				CLANG_ANALYZER_NUMBER_OBJECT_CONVERSION = YES_AGGRESSIVE;
				CLANG_CXX_LANGUAGE_STANDARD = "gnu++20";
				CLANG_ENABLE_MODULES = YES;
				CLANG_ENABLE_OBJC_ARC = YES;
				CLANG_ENABLE_OBJC_WEAK = YES;
				CLANG_WARN_BLOCK_CAPTURE_AUTORELEASING = YES;
				CLANG_WARN_BOOL_CONVERSION = YES;
				CLANG_WARN_COMMA = YES;
				CLANG_WARN_CONSTANT_CONVERSION = YES;
				CLANG_WARN_DEPRECATED_OBJC_IMPLEMENTATIONS = YES;
				CLANG_WARN_DIRECT_OBJC_ISA_USAGE = YES_ERROR;
				CLANG_WARN_DOCUMENTATION_COMMENTS = YES;
				CLANG_WARN_EMPTY_BODY = YES;
				CLANG_WARN_ENUM_CONVERSION = YES;
				CLANG_WARN_INFINITE_RECURSION = YES;
				CLANG_WARN_INT_CONVERSION = YES;
				CLANG_WARN_NON_LITERAL_NULL_CONVERSION = YES;
				CLANG_WARN_OBJC_IMPLICIT_RETAIN_SELF = YES;
				CLANG_WARN_OBJC_LITERAL_CONVERSION = YES;
				CLANG_WARN_OBJC_ROOT_CLASS = YES_ERROR;
				CLANG_WARN_QUOTED_INCLUDE_IN_FRAMEWORK_HEADER = YES;
				CLANG_WARN_RANGE_LOOP_ANALYSIS = YES;
				CLANG_WARN_STRICT_PROTOTYPES = YES;
				CLANG_WARN_SUSPICIOUS_MOVE = YES;
				CLANG_WARN_UNGUARDED_AVAILABILITY = YES_AGGRESSIVE;
				CLANG_WARN_UNREACHABLE_CODE = YES;
				CLANG_WARN__DUPLICATE_METHOD_MATCH = YES;
				COPY_PHASE_STRIP = NO;
				DEBUG_INFORMATION_FORMAT = dwarf;
				ENABLE_STRICT_OBJC_MSGSEND = YES;
				ENABLE_TESTABILITY = YES;
				GCC_C_LANGUAGE_STANDARD = gnu11;
				GCC_DYNAMIC_NO_PIC = NO;
				GCC_NO_COMMON_BLOCKS = YES;
				GCC_OPTIMIZATION_LEVEL = 0;
				GCC_PREPROCESSOR_DEFINITIONS = (
					"DEBUG=1",
					"$(inherited)",
				);
				GCC_WARN_64_TO_32_BIT_CONVERSION = YES;
				GCC_WARN_ABOUT_RETURN_TYPE = YES_ERROR;
				GCC_WARN_UNDECLARED_SELECTOR = YES;
				GCC_WARN_UNINITIALIZED_AUTOS = YES_AGGRESSIVE;
				GCC_WARN_UNUSED_FUNCTION = YES;
				GCC_WARN_UNUSED_VARIABLE = YES;
				IPHONEOS_DEPLOYMENT_TARGET = 16.2;
				MTL_ENABLE_DEBUG_INFO = INCLUDE_SOURCE;
				MTL_FAST_MATH = YES;
				ONLY_ACTIVE_ARCH = YES;
				SDKROOT = iphoneos;
				SWIFT_ACTIVE_COMPILATION_CONDITIONS = DEBUG;
				SWIFT_OPTIMIZATION_LEVEL = "-Onone";
			};
			name = Debug;
		};
		C39B5D0B2A528FD100D55D2C /* Release */ = {
			isa = XCBuildConfiguration;
			buildSettings = {
				ALWAYS_SEARCH_USER_PATHS = NO;
				CLANG_ANALYZER_NONNULL = YES;
				CLANG_ANALYZER_NUMBER_OBJECT_CONVERSION = YES_AGGRESSIVE;
				CLANG_CXX_LANGUAGE_STANDARD = "gnu++20";
				CLANG_ENABLE_MODULES = YES;
				CLANG_ENABLE_OBJC_ARC = YES;
				CLANG_ENABLE_OBJC_WEAK = YES;
				CLANG_WARN_BLOCK_CAPTURE_AUTORELEASING = YES;
				CLANG_WARN_BOOL_CONVERSION = YES;
				CLANG_WARN_COMMA = YES;
				CLANG_WARN_CONSTANT_CONVERSION = YES;
				CLANG_WARN_DEPRECATED_OBJC_IMPLEMENTATIONS = YES;
				CLANG_WARN_DIRECT_OBJC_ISA_USAGE = YES_ERROR;
				CLANG_WARN_DOCUMENTATION_COMMENTS = YES;
				CLANG_WARN_EMPTY_BODY = YES;
				CLANG_WARN_ENUM_CONVERSION = YES;
				CLANG_WARN_INFINITE_RECURSION = YES;
				CLANG_WARN_INT_CONVERSION = YES;
				CLANG_WARN_NON_LITERAL_NULL_CONVERSION = YES;
				CLANG_WARN_OBJC_IMPLICIT_RETAIN_SELF = YES;
				CLANG_WARN_OBJC_LITERAL_CONVERSION = YES;
				CLANG_WARN_OBJC_ROOT_CLASS = YES_ERROR;
				CLANG_WARN_QUOTED_INCLUDE_IN_FRAMEWORK_HEADER = YES;
				CLANG_WARN_RANGE_LOOP_ANALYSIS = YES;
				CLANG_WARN_STRICT_PROTOTYPES = YES;
				CLANG_WARN_SUSPICIOUS_MOVE = YES;
				CLANG_WARN_UNGUARDED_AVAILABILITY = YES_AGGRESSIVE;
				CLANG_WARN_UNREACHABLE_CODE = YES;
				CLANG_WARN__DUPLICATE_METHOD_MATCH = YES;
				COPY_PHASE_STRIP = NO;
				DEBUG_INFORMATION_FORMAT = "dwarf-with-dsym";
				ENABLE_NS_ASSERTIONS = NO;
				ENABLE_STRICT_OBJC_MSGSEND = YES;
				GCC_C_LANGUAGE_STANDARD = gnu11;
				GCC_NO_COMMON_BLOCKS = YES;
				GCC_WARN_64_TO_32_BIT_CONVERSION = YES;
				GCC_WARN_ABOUT_RETURN_TYPE = YES_ERROR;
				GCC_WARN_UNDECLARED_SELECTOR = YES;
				GCC_WARN_UNINITIALIZED_AUTOS = YES_AGGRESSIVE;
				GCC_WARN_UNUSED_FUNCTION = YES;
				GCC_WARN_UNUSED_VARIABLE = YES;
				IPHONEOS_DEPLOYMENT_TARGET = 16.2;
				MTL_ENABLE_DEBUG_INFO = NO;
				MTL_FAST_MATH = YES;
				SDKROOT = iphoneos;
				SWIFT_COMPILATION_MODE = wholemodule;
				SWIFT_OPTIMIZATION_LEVEL = "-O";
				VALIDATE_PRODUCT = YES;
			};
			name = Release;
		};
		C39B5D0D2A528FD100D55D2C /* Debug */ = {
			isa = XCBuildConfiguration;
			baseConfigurationReference = 8CAAB27D69BC4A4ABD27B399 /* Pods-PRACTICA_CACTUS911.debug.xcconfig */;
			buildSettings = {
				ASSETCATALOG_COMPILER_APPICON_NAME = AppIcon;
				ASSETCATALOG_COMPILER_GLOBAL_ACCENT_COLOR_NAME = AccentColor;
				CODE_SIGN_STYLE = Automatic;
				CURRENT_PROJECT_VERSION = 1;
				DEVELOPMENT_TEAM = 8NL7N7R3D9;
				GENERATE_INFOPLIST_FILE = YES;
				INFOPLIST_FILE = PRACTICA_CACTUS911/Info.plist;
				INFOPLIST_KEY_UIApplicationSupportsIndirectInputEvents = YES;
				INFOPLIST_KEY_UILaunchStoryboardName = LaunchScreen;
				INFOPLIST_KEY_UISupportedInterfaceOrientations_iPad = "UIInterfaceOrientationPortrait UIInterfaceOrientationPortraitUpsideDown UIInterfaceOrientationLandscapeLeft UIInterfaceOrientationLandscapeRight";
				INFOPLIST_KEY_UISupportedInterfaceOrientations_iPhone = "UIInterfaceOrientationPortrait UIInterfaceOrientationLandscapeLeft UIInterfaceOrientationLandscapeRight";
				IPHONEOS_DEPLOYMENT_TARGET = 14.0;
				LD_RUNPATH_SEARCH_PATHS = (
					"$(inherited)",
					"@executable_path/Frameworks",
				);
				MARKETING_VERSION = 1.0;
				PRODUCT_BUNDLE_IDENTIFIER = "com.angellFR.PRACTICA-CACTUS911";
				PRODUCT_NAME = "$(TARGET_NAME)";
				SWIFT_EMIT_LOC_STRINGS = YES;
				SWIFT_VERSION = 5.0;
				TARGETED_DEVICE_FAMILY = "1,2";
			};
			name = Debug;
		};
		C39B5D0E2A528FD100D55D2C /* Release */ = {
			isa = XCBuildConfiguration;
			baseConfigurationReference = E2750D9822A015907071522E /* Pods-PRACTICA_CACTUS911.release.xcconfig */;
			buildSettings = {
				ASSETCATALOG_COMPILER_APPICON_NAME = AppIcon;
				ASSETCATALOG_COMPILER_GLOBAL_ACCENT_COLOR_NAME = AccentColor;
				CODE_SIGN_STYLE = Automatic;
				CURRENT_PROJECT_VERSION = 1;
				DEVELOPMENT_TEAM = 8NL7N7R3D9;
				GENERATE_INFOPLIST_FILE = YES;
				INFOPLIST_FILE = PRACTICA_CACTUS911/Info.plist;
				INFOPLIST_KEY_UIApplicationSupportsIndirectInputEvents = YES;
				INFOPLIST_KEY_UILaunchStoryboardName = LaunchScreen;
				INFOPLIST_KEY_UISupportedInterfaceOrientations_iPad = "UIInterfaceOrientationPortrait UIInterfaceOrientationPortraitUpsideDown UIInterfaceOrientationLandscapeLeft UIInterfaceOrientationLandscapeRight";
				INFOPLIST_KEY_UISupportedInterfaceOrientations_iPhone = "UIInterfaceOrientationPortrait UIInterfaceOrientationLandscapeLeft UIInterfaceOrientationLandscapeRight";
				IPHONEOS_DEPLOYMENT_TARGET = 14.0;
				LD_RUNPATH_SEARCH_PATHS = (
					"$(inherited)",
					"@executable_path/Frameworks",
				);
				MARKETING_VERSION = 1.0;
				PRODUCT_BUNDLE_IDENTIFIER = "com.angellFR.PRACTICA-CACTUS911";
				PRODUCT_NAME = "$(TARGET_NAME)";
				SWIFT_EMIT_LOC_STRINGS = YES;
				SWIFT_VERSION = 5.0;
				TARGETED_DEVICE_FAMILY = "1,2";
			};
			name = Release;
		};
/* End XCBuildConfiguration section */

/* Begin XCConfigurationList section */
		C39B5CF32A528FCE00D55D2C /* Build configuration list for PBXProject "PRACTICA_CACTUS911" */ = {
			isa = XCConfigurationList;
			buildConfigurations = (
				C39B5D0A2A528FD100D55D2C /* Debug */,
				C39B5D0B2A528FD100D55D2C /* Release */,
			);
			defaultConfigurationIsVisible = 0;
			defaultConfigurationName = Release;
		};
		C39B5D0C2A528FD100D55D2C /* Build configuration list for PBXNativeTarget "PRACTICA_CACTUS911" */ = {
			isa = XCConfigurationList;
			buildConfigurations = (
				C39B5D0D2A528FD100D55D2C /* Debug */,
				C39B5D0E2A528FD100D55D2C /* Release */,
			);
			defaultConfigurationIsVisible = 0;
			defaultConfigurationName = Release;
		};
/* End XCConfigurationList section */
	};
	rootObject = C39B5CF02A528FCE00D55D2C /* Project object */;
}
